{
  "name": "2023",
  "lockfileVersion": 2,
  "requires": true,
  "packages": {
    "": {
      "dependencies": {
        "set-operations": "^2.0.2"
      }
    },
    "node_modules/set-operations": {
      "version": "2.0.2",
      "resolved": "https://registry.npmjs.org/set-operations/-/set-operations-2.0.2.tgz",
      "integrity": "sha512-ICh69OLEiwDRuUHb9iUOl0MRVjC+96geZvwkAe41eL2iYdxh4oGBzEnN/RZwKzKJ8sLYUMPeKQZTHzVTIiiLcg=="
    }
  },
  "dependencies": {
    "set-operations": {
      "version": "2.0.2",
      "resolved": "https://registry.npmjs.org/set-operations/-/set-operations-2.0.2.tgz",
      "integrity": "sha512-ICh69OLEiwDRuUHb9iUOl0MRVjC+96geZvwkAe41eL2iYdxh4oGBzEnN/RZwKzKJ8sLYUMPeKQZTHzVTIiiLcg=="
    }
  }
}
